// !$*UTF8*$!
{
	archiveVersion = 1;
	classes = {
	};
	objectVersion = 50;
	objects = {

/* Begin PBXBuildFile section */
		345B01D623FDBF55008838B6 /* TCCProfileExtensions.swift in Sources */ = {isa = PBXBuildFile; fileRef = 345B01D523FDBF55008838B6 /* TCCProfileExtensions.swift */; };
		34DED4D423FDCAFD00C53FB9 /* SwiftyCMSDecoder.swift in Sources */ = {isa = PBXBuildFile; fileRef = 5F95AE1523158F03002E0A22 /* SwiftyCMSDecoder.swift */; };
		34DED4D623FDDB2B00C53FB9 /* TCCProfileConfigurationPanel.swift in Sources */ = {isa = PBXBuildFile; fileRef = 34DED4D523FDDB2B00C53FB9 /* TCCProfileConfigurationPanel.swift */; };
		5901A2772534DF1400A1CD2F /* ModelBuilder.swift in Sources */ = {isa = PBXBuildFile; fileRef = 5901A2762534DF1400A1CD2F /* ModelBuilder.swift */; };
		59206D6925265F0C00B94795 /* TCCProfileTests.swift in Sources */ = {isa = PBXBuildFile; fileRef = 59206D6825265F0C00B94795 /* TCCProfileTests.swift */; };
		59798B82252D16310070A204 /* TCCProfileBuilder.swift in Sources */ = {isa = PBXBuildFile; fileRef = 59798B81252D16310070A204 /* TCCProfileBuilder.swift */; };
		5F90EBDD2319934F00738D09 /* ArrayExtensions.swift in Sources */ = {isa = PBXBuildFile; fileRef = 5F90EBDC2319934F00738D09 /* ArrayExtensions.swift */; };
		5F90EBDF2319970000738D09 /* TCCProfileImportError.swift in Sources */ = {isa = PBXBuildFile; fileRef = 5F90EBDE2319970000738D09 /* TCCProfileImportError.swift */; };
		5F90EBE12319970500738D09 /* TCCProfileImporter.swift in Sources */ = {isa = PBXBuildFile; fileRef = 5F90EBE02319970500738D09 /* TCCProfileImporter.swift */; };
		5F90EBE42319992B00738D09 /* ModelTests.swift in Sources */ = {isa = PBXBuildFile; fileRef = 5F90EBE32319992B00738D09 /* ModelTests.swift */; };
		5F95AE1623158F03002E0A22 /* SwiftyCMSDecoder.swift in Sources */ = {isa = PBXBuildFile; fileRef = 5F95AE1523158F03002E0A22 /* SwiftyCMSDecoder.swift */; };
		5F95AE262315A7CB002E0A22 /* TCCProfileImporterTests.swift in Sources */ = {isa = PBXBuildFile; fileRef = 5F95AE252315A7CB002E0A22 /* TCCProfileImporterTests.swift */; };
		5F95AE2E2315B172002E0A22 /* TestTCCUnsignedProfile.mobileconfig in Resources */ = {isa = PBXBuildFile; fileRef = 5F95AE292315B172002E0A22 /* TestTCCUnsignedProfile.mobileconfig */; };
		5F95AE2F2315B172002E0A22 /* TestTCCUnsignedProfile-Broken.mobileconfig in Resources */ = {isa = PBXBuildFile; fileRef = 5F95AE2A2315B172002E0A22 /* TestTCCUnsignedProfile-Broken.mobileconfig */; };
		5F95AE302315B172002E0A22 /* TestTCCProfileSigned-Broken.mobileconfig in Resources */ = {isa = PBXBuildFile; fileRef = 5F95AE2B2315B172002E0A22 /* TestTCCProfileSigned-Broken.mobileconfig */; };
		5F95AE312315B172002E0A22 /* TestTCCUnsignedProfile-Empty.mobileconfig in Resources */ = {isa = PBXBuildFile; fileRef = 5F95AE2C2315B172002E0A22 /* TestTCCUnsignedProfile-Empty.mobileconfig */; };
		6E6216F9215321CE0043DF18 /* OpenViewController.swift in Sources */ = {isa = PBXBuildFile; fileRef = 6E6216F8215321CE0043DF18 /* OpenViewController.swift */; };
		6E651CC523143890001CC974 /* ProfilesDescriptions.swift in Sources */ = {isa = PBXBuildFile; fileRef = 6E651CC423143890001CC974 /* ProfilesDescriptions.swift */; };
		6E651CC82314397D001CC974 /* FlippedClipView.swift in Sources */ = {isa = PBXBuildFile; fileRef = 6E651CC72314397D001CC974 /* FlippedClipView.swift */; };
		6E651CCA231439CE001CC974 /* InfoButton.swift in Sources */ = {isa = PBXBuildFile; fileRef = 6E651CC9231439CE001CC974 /* InfoButton.swift */; };
		6EB45830214FFCCB00BE5749 /* AppleEventRule.swift in Sources */ = {isa = PBXBuildFile; fileRef = 6EB4582F214FFCCB00BE5749 /* AppleEventRule.swift */; };
		6EB86F692151476500FBE634 /* JamfProClient.swift in Sources */ = {isa = PBXBuildFile; fileRef = 6EB86F682151476500FBE634 /* JamfProClient.swift */; };
		6EC409DE214D65BC00BE4F17 /* AppDelegate.swift in Sources */ = {isa = PBXBuildFile; fileRef = 6EC409DD214D65BC00BE4F17 /* AppDelegate.swift */; };
		6EC409E2214D65BD00BE4F17 /* Assets.xcassets in Resources */ = {isa = PBXBuildFile; fileRef = 6EC409E1214D65BD00BE4F17 /* Assets.xcassets */; };
		6EC409E5214D65BD00BE4F17 /* Main.storyboard in Resources */ = {isa = PBXBuildFile; fileRef = 6EC409E3214D65BD00BE4F17 /* Main.storyboard */; };
		6EC409F3214D8FFA00BE4F17 /* TCCProfileViewController.swift in Sources */ = {isa = PBXBuildFile; fileRef = 6EC409F2214D8FFA00BE4F17 /* TCCProfileViewController.swift */; };
		6EC409F5214D95D200BE4F17 /* TCCProfile.swift in Sources */ = {isa = PBXBuildFile; fileRef = 6EC409F4214D95D200BE4F17 /* TCCProfile.swift */; };
		6EC40A10214DE3B200BE4F17 /* Executable.swift in Sources */ = {isa = PBXBuildFile; fileRef = 6EC40A0F214DE3B200BE4F17 /* Executable.swift */; };
		6EC40A12214DF8FE00BE4F17 /* SecurityWrapper.swift in Sources */ = {isa = PBXBuildFile; fileRef = 6EC40A11214DF8FE00BE4F17 /* SecurityWrapper.swift */; };
		6EC40A14214DFB5800BE4F17 /* Model.swift in Sources */ = {isa = PBXBuildFile; fileRef = 6EC40A13214DFB5800BE4F17 /* Model.swift */; };
		6EC40A16214ECF1E00BE4F17 /* SaveViewController.swift in Sources */ = {isa = PBXBuildFile; fileRef = 6EC40A15214ECF1E00BE4F17 /* SaveViewController.swift */; };
		6EC40A18214ECF2C00BE4F17 /* UploadViewController.swift in Sources */ = {isa = PBXBuildFile; fileRef = 6EC40A17214ECF2C00BE4F17 /* UploadViewController.swift */; };
		6EC40A1C214EF87800BE4F17 /* SigningIdentity.swift in Sources */ = {isa = PBXBuildFile; fileRef = 6EC40A1B214EF87800BE4F17 /* SigningIdentity.swift */; };
		71061E54246106C800822D35 /* LoadExecutableError.swift in Sources */ = {isa = PBXBuildFile; fileRef = 71061E53246106C800822D35 /* LoadExecutableError.swift */; };
		B5E09548250BCCFC00A40409 /* Alert.swift in Sources */ = {isa = PBXBuildFile; fileRef = B5E09547250BCCFC00A40409 /* Alert.swift */; };
/* End PBXBuildFile section */

/* Begin PBXContainerItemProxy section */
		5F95AE202315A6AD002E0A22 /* PBXContainerItemProxy */ = {
			isa = PBXContainerItemProxy;
			containerPortal = 6EC409D2214D65BC00BE4F17 /* Project object */;
			proxyType = 1;
			remoteGlobalIDString = 6EC409D9214D65BC00BE4F17;
			remoteInfo = "PPPC Utility";
		};
/* End PBXContainerItemProxy section */

/* Begin PBXFileReference section */
		345B01D523FDBF55008838B6 /* TCCProfileExtensions.swift */ = {isa = PBXFileReference; lastKnownFileType = sourcecode.swift; path = TCCProfileExtensions.swift; sourceTree = "<group>"; };
		34DED4D523FDDB2B00C53FB9 /* TCCProfileConfigurationPanel.swift */ = {isa = PBXFileReference; lastKnownFileType = sourcecode.swift; path = TCCProfileConfigurationPanel.swift; sourceTree = "<group>"; };
		5901A2762534DF1400A1CD2F /* ModelBuilder.swift */ = {isa = PBXFileReference; lastKnownFileType = sourcecode.swift; path = ModelBuilder.swift; sourceTree = "<group>"; };
		59206D6825265F0C00B94795 /* TCCProfileTests.swift */ = {isa = PBXFileReference; lastKnownFileType = sourcecode.swift; path = TCCProfileTests.swift; sourceTree = "<group>"; };
		59798B81252D16310070A204 /* TCCProfileBuilder.swift */ = {isa = PBXFileReference; lastKnownFileType = sourcecode.swift; path = TCCProfileBuilder.swift; sourceTree = "<group>"; };
		5F90EBDC2319934F00738D09 /* ArrayExtensions.swift */ = {isa = PBXFileReference; lastKnownFileType = sourcecode.swift; path = ArrayExtensions.swift; sourceTree = "<group>"; };
		5F90EBDE2319970000738D09 /* TCCProfileImportError.swift */ = {isa = PBXFileReference; fileEncoding = 4; lastKnownFileType = sourcecode.swift; path = TCCProfileImportError.swift; sourceTree = "<group>"; };
		5F90EBE02319970500738D09 /* TCCProfileImporter.swift */ = {isa = PBXFileReference; fileEncoding = 4; lastKnownFileType = sourcecode.swift; path = TCCProfileImporter.swift; sourceTree = "<group>"; };
		5F90EBE32319992B00738D09 /* ModelTests.swift */ = {isa = PBXFileReference; lastKnownFileType = sourcecode.swift; path = ModelTests.swift; sourceTree = "<group>"; };
		5F95AE1523158F03002E0A22 /* SwiftyCMSDecoder.swift */ = {isa = PBXFileReference; lastKnownFileType = sourcecode.swift; path = SwiftyCMSDecoder.swift; sourceTree = "<group>"; };
		5F95AE1B2315A6AD002E0A22 /* PPPC UtilityTests.xctest */ = {isa = PBXFileReference; explicitFileType = wrapper.cfbundle; includeInIndex = 0; path = "PPPC UtilityTests.xctest"; sourceTree = BUILT_PRODUCTS_DIR; };
		5F95AE1F2315A6AD002E0A22 /* Info.plist */ = {isa = PBXFileReference; lastKnownFileType = text.plist.xml; path = Info.plist; sourceTree = "<group>"; };
		5F95AE252315A7CB002E0A22 /* TCCProfileImporterTests.swift */ = {isa = PBXFileReference; lastKnownFileType = sourcecode.swift; path = TCCProfileImporterTests.swift; sourceTree = "<group>"; };
		5F95AE292315B172002E0A22 /* TestTCCUnsignedProfile.mobileconfig */ = {isa = PBXFileReference; fileEncoding = 4; lastKnownFileType = text.xml; path = TestTCCUnsignedProfile.mobileconfig; sourceTree = "<group>"; };
		5F95AE2A2315B172002E0A22 /* TestTCCUnsignedProfile-Broken.mobileconfig */ = {isa = PBXFileReference; fileEncoding = 4; lastKnownFileType = text.xml; path = "TestTCCUnsignedProfile-Broken.mobileconfig"; sourceTree = "<group>"; };
		5F95AE2B2315B172002E0A22 /* TestTCCProfileSigned-Broken.mobileconfig */ = {isa = PBXFileReference; fileEncoding = 4; lastKnownFileType = text; path = "TestTCCProfileSigned-Broken.mobileconfig"; sourceTree = "<group>"; };
		5F95AE2C2315B172002E0A22 /* TestTCCUnsignedProfile-Empty.mobileconfig */ = {isa = PBXFileReference; fileEncoding = 4; lastKnownFileType = text.xml; path = "TestTCCUnsignedProfile-Empty.mobileconfig"; sourceTree = "<group>"; };
		6E5D5A1521541B8F00B43312 /* README.md */ = {isa = PBXFileReference; lastKnownFileType = net.daringfireball.markdown; path = README.md; sourceTree = "<group>"; };
		6E6216F8215321CE0043DF18 /* OpenViewController.swift */ = {isa = PBXFileReference; lastKnownFileType = sourcecode.swift; path = OpenViewController.swift; sourceTree = "<group>"; };
		6E651CC423143890001CC974 /* ProfilesDescriptions.swift */ = {isa = PBXFileReference; lastKnownFileType = sourcecode.swift; path = ProfilesDescriptions.swift; sourceTree = "<group>"; };
		6E651CC72314397D001CC974 /* FlippedClipView.swift */ = {isa = PBXFileReference; lastKnownFileType = sourcecode.swift; path = FlippedClipView.swift; sourceTree = "<group>"; };
		6E651CC9231439CE001CC974 /* InfoButton.swift */ = {isa = PBXFileReference; lastKnownFileType = sourcecode.swift; path = InfoButton.swift; sourceTree = "<group>"; };
		6E95730721553B650002C30B /* LICENSE */ = {isa = PBXFileReference; lastKnownFileType = text; path = LICENSE; sourceTree = "<group>"; };
		6E957309215557870002C30B /* PPPC Utility.entitlements */ = {isa = PBXFileReference; lastKnownFileType = text.plist.entitlements; path = "PPPC Utility.entitlements"; sourceTree = "<group>"; };
		6EB4582F214FFCCB00BE5749 /* AppleEventRule.swift */ = {isa = PBXFileReference; lastKnownFileType = sourcecode.swift; path = AppleEventRule.swift; sourceTree = "<group>"; };
		6EB86F682151476500FBE634 /* JamfProClient.swift */ = {isa = PBXFileReference; lastKnownFileType = sourcecode.swift; path = JamfProClient.swift; sourceTree = "<group>"; };
		6EC409DA214D65BC00BE4F17 /* PPPC Utility.app */ = {isa = PBXFileReference; explicitFileType = wrapper.application; includeInIndex = 0; path = "PPPC Utility.app"; sourceTree = BUILT_PRODUCTS_DIR; };
		6EC409DD214D65BC00BE4F17 /* AppDelegate.swift */ = {isa = PBXFileReference; lastKnownFileType = sourcecode.swift; path = AppDelegate.swift; sourceTree = "<group>"; };
		6EC409E1214D65BD00BE4F17 /* Assets.xcassets */ = {isa = PBXFileReference; lastKnownFileType = folder.assetcatalog; path = Assets.xcassets; sourceTree = "<group>"; };
		6EC409E4214D65BD00BE4F17 /* Base */ = {isa = PBXFileReference; lastKnownFileType = file.storyboard; name = Base; path = Base.lproj/Main.storyboard; sourceTree = "<group>"; };
		6EC409E6214D65BD00BE4F17 /* Info.plist */ = {isa = PBXFileReference; lastKnownFileType = text.plist.xml; path = Info.plist; sourceTree = "<group>"; };
		6EC409F2214D8FFA00BE4F17 /* TCCProfileViewController.swift */ = {isa = PBXFileReference; lastKnownFileType = sourcecode.swift; path = TCCProfileViewController.swift; sourceTree = "<group>"; };
		6EC409F4214D95D200BE4F17 /* TCCProfile.swift */ = {isa = PBXFileReference; lastKnownFileType = sourcecode.swift; path = TCCProfile.swift; sourceTree = "<group>"; };
		6EC40A0F214DE3B200BE4F17 /* Executable.swift */ = {isa = PBXFileReference; lastKnownFileType = sourcecode.swift; path = Executable.swift; sourceTree = "<group>"; };
		6EC40A11214DF8FE00BE4F17 /* SecurityWrapper.swift */ = {isa = PBXFileReference; lastKnownFileType = sourcecode.swift; path = SecurityWrapper.swift; sourceTree = "<group>"; };
		6EC40A13214DFB5800BE4F17 /* Model.swift */ = {isa = PBXFileReference; lastKnownFileType = sourcecode.swift; path = Model.swift; sourceTree = "<group>"; };
		6EC40A15214ECF1E00BE4F17 /* SaveViewController.swift */ = {isa = PBXFileReference; lastKnownFileType = sourcecode.swift; path = SaveViewController.swift; sourceTree = "<group>"; };
		6EC40A17214ECF2C00BE4F17 /* UploadViewController.swift */ = {isa = PBXFileReference; lastKnownFileType = sourcecode.swift; path = UploadViewController.swift; sourceTree = "<group>"; };
		6EC40A1B214EF87800BE4F17 /* SigningIdentity.swift */ = {isa = PBXFileReference; lastKnownFileType = sourcecode.swift; path = SigningIdentity.swift; sourceTree = "<group>"; };
		71061E53246106C800822D35 /* LoadExecutableError.swift */ = {isa = PBXFileReference; lastKnownFileType = sourcecode.swift; path = LoadExecutableError.swift; sourceTree = "<group>"; };
		97227C6726248CD7000F26C1 /* CHANGELOG.md */ = {isa = PBXFileReference; lastKnownFileType = net.daringfireball.markdown; path = CHANGELOG.md; sourceTree = "<group>"; };
		B5E09547250BCCFC00A40409 /* Alert.swift */ = {isa = PBXFileReference; fileEncoding = 4; lastKnownFileType = sourcecode.swift; path = Alert.swift; sourceTree = "<group>"; };
/* End PBXFileReference section */

/* Begin PBXFrameworksBuildPhase section */
		5F95AE182315A6AD002E0A22 /* Frameworks */ = {
			isa = PBXFrameworksBuildPhase;
			buildActionMask = 2147483647;
			files = (
			);
			runOnlyForDeploymentPostprocessing = 0;
		};
		6EC409D7214D65BC00BE4F17 /* Frameworks */ = {
			isa = PBXFrameworksBuildPhase;
			buildActionMask = 2147483647;
			files = (
			);
			runOnlyForDeploymentPostprocessing = 0;
		};
/* End PBXFrameworksBuildPhase section */

/* Begin PBXGroup section */
		5901A2752534DEFF00A1CD2F /* Helpers */ = {
			isa = PBXGroup;
			children = (
				59798B81252D16310070A204 /* TCCProfileBuilder.swift */,
				5901A2762534DF1400A1CD2F /* ModelBuilder.swift */,
			);
			path = Helpers;
			sourceTree = "<group>";
		};
		5F90EBDB2319931100738D09 /* Extensions */ = {
			isa = PBXGroup;
			children = (
				5F90EBDC2319934F00738D09 /* ArrayExtensions.swift */,
				345B01D523FDBF55008838B6 /* TCCProfileExtensions.swift */,
			);
			path = Extensions;
			sourceTree = "<group>";
		};
		5F90EBE22319991600738D09 /* ModelTests */ = {
			isa = PBXGroup;
			children = (
				5F90EBE32319992B00738D09 /* ModelTests.swift */,
			);
			path = ModelTests;
			sourceTree = "<group>";
		};
		5F95AE0B23158AB5002E0A22 /* TCCProfileImporter */ = {
			isa = PBXGroup;
			children = (
				5F90EBE02319970500738D09 /* TCCProfileImporter.swift */,
				5F90EBDE2319970000738D09 /* TCCProfileImportError.swift */,
				34DED4D523FDDB2B00C53FB9 /* TCCProfileConfigurationPanel.swift */,
			);
			name = TCCProfileImporter;
			path = Source/TCCProfileImporter;
			sourceTree = SOURCE_ROOT;
		};
		5F95AE1423158EF0002E0A22 /* External */ = {
			isa = PBXGroup;
			children = (
				5F95AE1523158F03002E0A22 /* SwiftyCMSDecoder.swift */,
			);
			path = External;
			sourceTree = "<group>";
		};
		5F95AE1C2315A6AD002E0A22 /* PPPC UtilityTests */ = {
			isa = PBXGroup;
			children = (
				5901A2752534DEFF00A1CD2F /* Helpers */,
				5F90EBE22319991600738D09 /* ModelTests */,
				5F95AE272315B069002E0A22 /* TCCProfileImporter */,
				5F95AE1F2315A6AD002E0A22 /* Info.plist */,
			);
			path = "PPPC UtilityTests";
			sourceTree = "<group>";
		};
		5F95AE272315B069002E0A22 /* TCCProfileImporter */ = {
			isa = PBXGroup;
			children = (
				5F95AE2B2315B172002E0A22 /* TestTCCProfileSigned-Broken.mobileconfig */,
				5F95AE2A2315B172002E0A22 /* TestTCCUnsignedProfile-Broken.mobileconfig */,
				5F95AE2C2315B172002E0A22 /* TestTCCUnsignedProfile-Empty.mobileconfig */,
				5F95AE292315B172002E0A22 /* TestTCCUnsignedProfile.mobileconfig */,
				5F95AE252315A7CB002E0A22 /* TCCProfileImporterTests.swift */,
				59206D6825265F0C00B94795 /* TCCProfileTests.swift */,
			);
			path = TCCProfileImporter;
			sourceTree = "<group>";
		};
		6E651CC623143969001CC974 /* Views */ = {
			isa = PBXGroup;
			children = (
				B5E09547250BCCFC00A40409 /* Alert.swift */,
				6E651CC72314397D001CC974 /* FlippedClipView.swift */,
				6E651CC9231439CE001CC974 /* InfoButton.swift */,
			);
			path = Views;
			sourceTree = "<group>";
		};
		6EC409D1214D65BC00BE4F17 = {
			isa = PBXGroup;
			children = (
				6E95730721553B650002C30B /* LICENSE */,
				97227C6726248CD7000F26C1 /* CHANGELOG.md */,
				6E5D5A1521541B8F00B43312 /* README.md */,
				6EC409DC214D65BC00BE4F17 /* Source */,
				5F95AE1423158EF0002E0A22 /* External */,
				6EC409F6214D975A00BE4F17 /* Resources */,
				5F95AE1C2315A6AD002E0A22 /* PPPC UtilityTests */,
				6EC409DB214D65BC00BE4F17 /* Products */,
			);
			sourceTree = "<group>";
		};
		6EC409DB214D65BC00BE4F17 /* Products */ = {
			isa = PBXGroup;
			children = (
				6EC409DA214D65BC00BE4F17 /* PPPC Utility.app */,
				5F95AE1B2315A6AD002E0A22 /* PPPC UtilityTests.xctest */,
			);
			name = Products;
			sourceTree = "<group>";
		};
		6EC409DC214D65BC00BE4F17 /* Source */ = {
			isa = PBXGroup;
			children = (
				6EC409DD214D65BC00BE4F17 /* AppDelegate.swift */,
				6EB86F682151476500FBE634 /* JamfProClient.swift */,
				6EC40A11214DF8FE00BE4F17 /* SecurityWrapper.swift */,
				6E651CC623143969001CC974 /* Views */,
				6EC40A1E214EF89600BE4F17 /* View Controllers */,
				6EC40A1D214EF87E00BE4F17 /* Model */,
				5F95AE0B23158AB5002E0A22 /* TCCProfileImporter */,
				5F90EBDB2319931100738D09 /* Extensions */,
			);
			path = Source;
			sourceTree = "<group>";
		};
		6EC409F6214D975A00BE4F17 /* Resources */ = {
			isa = PBXGroup;
			children = (
				6EC409E1214D65BD00BE4F17 /* Assets.xcassets */,
				6EC409E3214D65BD00BE4F17 /* Main.storyboard */,
				6EC409E6214D65BD00BE4F17 /* Info.plist */,
				6E957309215557870002C30B /* PPPC Utility.entitlements */,
			);
			path = Resources;
			sourceTree = "<group>";
		};
		6EC40A1D214EF87E00BE4F17 /* Model */ = {
			isa = PBXGroup;
			children = (
				6EC40A1B214EF87800BE4F17 /* SigningIdentity.swift */,
				6EC40A13214DFB5800BE4F17 /* Model.swift */,
				6EC40A0F214DE3B200BE4F17 /* Executable.swift */,
				6EC409F4214D95D200BE4F17 /* TCCProfile.swift */,
				6EB4582F214FFCCB00BE5749 /* AppleEventRule.swift */,
				6E651CC423143890001CC974 /* ProfilesDescriptions.swift */,
				71061E53246106C800822D35 /* LoadExecutableError.swift */,
			);
			path = Model;
			sourceTree = "<group>";
		};
		6EC40A1E214EF89600BE4F17 /* View Controllers */ = {
			isa = PBXGroup;
			children = (
				6EC409F2214D8FFA00BE4F17 /* TCCProfileViewController.swift */,
				6EC40A15214ECF1E00BE4F17 /* SaveViewController.swift */,
				6EC40A17214ECF2C00BE4F17 /* UploadViewController.swift */,
				6E6216F8215321CE0043DF18 /* OpenViewController.swift */,
			);
			path = "View Controllers";
			sourceTree = "<group>";
		};
/* End PBXGroup section */

/* Begin PBXNativeTarget section */
		5F95AE1A2315A6AD002E0A22 /* PPPC UtilityTests */ = {
			isa = PBXNativeTarget;
			buildConfigurationList = 5F95AE222315A6AD002E0A22 /* Build configuration list for PBXNativeTarget "PPPC UtilityTests" */;
			buildPhases = (
				5F95AE172315A6AD002E0A22 /* Sources */,
				5F95AE182315A6AD002E0A22 /* Frameworks */,
				5F95AE192315A6AD002E0A22 /* Resources */,
			);
			buildRules = (
			);
			dependencies = (
				5F95AE212315A6AD002E0A22 /* PBXTargetDependency */,
			);
			name = "PPPC UtilityTests";
			productName = "PPPC UtilityTests";
			productReference = 5F95AE1B2315A6AD002E0A22 /* PPPC UtilityTests.xctest */;
			productType = "com.apple.product-type.bundle.unit-test";
		};
		6EC409D9214D65BC00BE4F17 /* PPPC Utility */ = {
			isa = PBXNativeTarget;
			buildConfigurationList = 6EC409EA214D65BD00BE4F17 /* Build configuration list for PBXNativeTarget "PPPC Utility" */;
			buildPhases = (
				49DB95D624991AA800F433CA /* SwiftLint */,
				6EC409D6214D65BC00BE4F17 /* Sources */,
				6EC409D7214D65BC00BE4F17 /* Frameworks */,
				6EC409D8214D65BC00BE4F17 /* Resources */,
			);
			buildRules = (
			);
			dependencies = (
			);
			name = "PPPC Utility";
			productName = TCCUtility;
			productReference = 6EC409DA214D65BC00BE4F17 /* PPPC Utility.app */;
			productType = "com.apple.product-type.application";
		};
/* End PBXNativeTarget section */

/* Begin PBXProject section */
		6EC409D2214D65BC00BE4F17 /* Project object */ = {
			isa = PBXProject;
			attributes = {
				LastSwiftUpdateCheck = 1020;
				LastUpgradeCheck = 1160;
				ORGANIZATIONNAME = Jamf;
				TargetAttributes = {
					5F95AE1A2315A6AD002E0A22 = {
						CreatedOnToolsVersion = 10.2.1;
						LastSwiftMigration = 1020;
						TestTargetID = 6EC409D9214D65BC00BE4F17;
					};
					6EC409D9214D65BC00BE4F17 = {
						CreatedOnToolsVersion = 10.0;
						LastSwiftMigration = 1100;
						SystemCapabilities = {
							com.apple.HardenedRuntime = {
								enabled = 1;
							};
							com.apple.Sandbox = {
								enabled = 1;
							};
						};
					};
				};
			};
			buildConfigurationList = 6EC409D5214D65BC00BE4F17 /* Build configuration list for PBXProject "PPPC Utility" */;
			compatibilityVersion = "Xcode 9.3";
			developmentRegion = en;
			hasScannedForEncodings = 0;
			knownRegions = (
				en,
				Base,
			);
			mainGroup = 6EC409D1214D65BC00BE4F17;
			productRefGroup = 6EC409DB214D65BC00BE4F17 /* Products */;
			projectDirPath = "";
			projectRoot = "";
			targets = (
				6EC409D9214D65BC00BE4F17 /* PPPC Utility */,
				5F95AE1A2315A6AD002E0A22 /* PPPC UtilityTests */,
			);
		};
/* End PBXProject section */

/* Begin PBXResourcesBuildPhase section */
		5F95AE192315A6AD002E0A22 /* Resources */ = {
			isa = PBXResourcesBuildPhase;
			buildActionMask = 2147483647;
			files = (
				5F95AE2E2315B172002E0A22 /* TestTCCUnsignedProfile.mobileconfig in Resources */,
				5F95AE312315B172002E0A22 /* TestTCCUnsignedProfile-Empty.mobileconfig in Resources */,
				5F95AE2F2315B172002E0A22 /* TestTCCUnsignedProfile-Broken.mobileconfig in Resources */,
				5F95AE302315B172002E0A22 /* TestTCCProfileSigned-Broken.mobileconfig in Resources */,
			);
			runOnlyForDeploymentPostprocessing = 0;
		};
		6EC409D8214D65BC00BE4F17 /* Resources */ = {
			isa = PBXResourcesBuildPhase;
			buildActionMask = 2147483647;
			files = (
				6EC409E2214D65BD00BE4F17 /* Assets.xcassets in Resources */,
				6EC409E5214D65BD00BE4F17 /* Main.storyboard in Resources */,
			);
			runOnlyForDeploymentPostprocessing = 0;
		};
/* End PBXResourcesBuildPhase section */

/* Begin PBXShellScriptBuildPhase section */
		49DB95D624991AA800F433CA /* SwiftLint */ = {
			isa = PBXShellScriptBuildPhase;
			buildActionMask = 2147483647;
			files = (
			);
			inputFileListPaths = (
			);
			inputPaths = (
			);
			name = SwiftLint;
			outputFileListPaths = (
			);
			outputPaths = (
			);
			runOnlyForDeploymentPostprocessing = 0;
			shellPath = /bin/sh;
			shellScript = "if which swiftlint >/dev/null; then\n  swiftlint\nelse\n  echo \"warning: SwiftLint not installed, download from https://github.com/realm/SwiftLint\"\nfi\n";
		};
/* End PBXShellScriptBuildPhase section */

/* Begin PBXSourcesBuildPhase section */
		5F95AE172315A6AD002E0A22 /* Sources */ = {
			isa = PBXSourcesBuildPhase;
			buildActionMask = 2147483647;
			files = (
				34DED4D423FDCAFD00C53FB9 /* SwiftyCMSDecoder.swift in Sources */,
				5F95AE262315A7CB002E0A22 /* TCCProfileImporterTests.swift in Sources */,
				59206D6925265F0C00B94795 /* TCCProfileTests.swift in Sources */,
				5901A2772534DF1400A1CD2F /* ModelBuilder.swift in Sources */,
				59798B82252D16310070A204 /* TCCProfileBuilder.swift in Sources */,
				5F90EBE42319992B00738D09 /* ModelTests.swift in Sources */,
			);
			runOnlyForDeploymentPostprocessing = 0;
		};
		6EC409D6214D65BC00BE4F17 /* Sources */ = {
			isa = PBXSourcesBuildPhase;
			buildActionMask = 2147483647;
			files = (
				34DED4D623FDDB2B00C53FB9 /* TCCProfileConfigurationPanel.swift in Sources */,
				5F90EBE12319970500738D09 /* TCCProfileImporter.swift in Sources */,
				5F95AE1623158F03002E0A22 /* SwiftyCMSDecoder.swift in Sources */,
				B5E09548250BCCFC00A40409 /* Alert.swift in Sources */,
				6EB86F692151476500FBE634 /* JamfProClient.swift in Sources */,
				5F90EBDD2319934F00738D09 /* ArrayExtensions.swift in Sources */,
				6EC40A14214DFB5800BE4F17 /* Model.swift in Sources */,
				71061E54246106C800822D35 /* LoadExecutableError.swift in Sources */,
				6EC40A1C214EF87800BE4F17 /* SigningIdentity.swift in Sources */,
				6EC40A18214ECF2C00BE4F17 /* UploadViewController.swift in Sources */,
				6E651CC523143890001CC974 /* ProfilesDescriptions.swift in Sources */,
				6E651CCA231439CE001CC974 /* InfoButton.swift in Sources */,
				6EC409F5214D95D200BE4F17 /* TCCProfile.swift in Sources */,
				6EC40A12214DF8FE00BE4F17 /* SecurityWrapper.swift in Sources */,
				6EC409DE214D65BC00BE4F17 /* AppDelegate.swift in Sources */,
				345B01D623FDBF55008838B6 /* TCCProfileExtensions.swift in Sources */,
				6EC409F3214D8FFA00BE4F17 /* TCCProfileViewController.swift in Sources */,
				6E6216F9215321CE0043DF18 /* OpenViewController.swift in Sources */,
				6EC40A10214DE3B200BE4F17 /* Executable.swift in Sources */,
				6EC40A16214ECF1E00BE4F17 /* SaveViewController.swift in Sources */,
				6EB45830214FFCCB00BE5749 /* AppleEventRule.swift in Sources */,
				5F90EBDF2319970000738D09 /* TCCProfileImportError.swift in Sources */,
				6E651CC82314397D001CC974 /* FlippedClipView.swift in Sources */,
			);
			runOnlyForDeploymentPostprocessing = 0;
		};
/* End PBXSourcesBuildPhase section */

/* Begin PBXTargetDependency section */
		5F95AE212315A6AD002E0A22 /* PBXTargetDependency */ = {
			isa = PBXTargetDependency;
			target = 6EC409D9214D65BC00BE4F17 /* PPPC Utility */;
			targetProxy = 5F95AE202315A6AD002E0A22 /* PBXContainerItemProxy */;
		};
/* End PBXTargetDependency section */

/* Begin PBXVariantGroup section */
		6EC409E3214D65BD00BE4F17 /* Main.storyboard */ = {
			isa = PBXVariantGroup;
			children = (
				6EC409E4214D65BD00BE4F17 /* Base */,
			);
			name = Main.storyboard;
			sourceTree = "<group>";
		};
/* End PBXVariantGroup section */

/* Begin XCBuildConfiguration section */
		5F95AE232315A6AD002E0A22 /* Debug */ = {
			isa = XCBuildConfiguration;
			buildSettings = {
				BUNDLE_LOADER = "$(TEST_HOST)";
				CLANG_ENABLE_MODULES = YES;
				CODE_SIGN_IDENTITY = "Apple Development";
				CODE_SIGN_STYLE = Automatic;
				COMBINE_HIDPI_IMAGES = YES;
				DEVELOPMENT_TEAM = XPLDEEDNHE;
				INFOPLIST_FILE = "PPPC UtilityTests/Info.plist";
				LD_RUNPATH_SEARCH_PATHS = (
					"$(inherited)",
					"@executable_path/../Frameworks",
					"@loader_path/../Frameworks",
				);
				PRODUCT_BUNDLE_IDENTIFIER = "com.jamf.PPPC-UtilityTests";
				PRODUCT_NAME = "$(TARGET_NAME)";
				PROVISIONING_PROFILE_SPECIFIER = "";
				SWIFT_OPTIMIZATION_LEVEL = "-Onone";
				SWIFT_VERSION = 5.0;
				TEST_HOST = "$(BUILT_PRODUCTS_DIR)/PPPC Utility.app/Contents/MacOS/PPPC Utility";
			};
			name = Debug;
		};
		5F95AE242315A6AD002E0A22 /* Release */ = {
			isa = XCBuildConfiguration;
			buildSettings = {
				BUNDLE_LOADER = "$(TEST_HOST)";
				CLANG_ENABLE_MODULES = YES;
				CODE_SIGN_IDENTITY = "Apple Development";
				CODE_SIGN_STYLE = Automatic;
				COMBINE_HIDPI_IMAGES = YES;
				DEVELOPMENT_TEAM = XPLDEEDNHE;
				INFOPLIST_FILE = "PPPC UtilityTests/Info.plist";
				LD_RUNPATH_SEARCH_PATHS = (
					"$(inherited)",
					"@executable_path/../Frameworks",
					"@loader_path/../Frameworks",
				);
				PRODUCT_BUNDLE_IDENTIFIER = "com.jamf.PPPC-UtilityTests";
				PRODUCT_NAME = "$(TARGET_NAME)";
				PROVISIONING_PROFILE_SPECIFIER = "";
				SWIFT_VERSION = 5.0;
				TEST_HOST = "$(BUILT_PRODUCTS_DIR)/PPPC Utility.app/Contents/MacOS/PPPC Utility";
			};
			name = Release;
		};
		6EC409E8214D65BD00BE4F17 /* Debug */ = {
			isa = XCBuildConfiguration;
			buildSettings = {
				ALWAYS_SEARCH_USER_PATHS = NO;
				CLANG_ANALYZER_NONNULL = YES;
				CLANG_ANALYZER_NUMBER_OBJECT_CONVERSION = YES_AGGRESSIVE;
				CLANG_CXX_LANGUAGE_STANDARD = "gnu++14";
				CLANG_CXX_LIBRARY = "libc++";
				CLANG_ENABLE_MODULES = YES;
				CLANG_ENABLE_OBJC_ARC = YES;
				CLANG_ENABLE_OBJC_WEAK = YES;
				CLANG_WARN_BLOCK_CAPTURE_AUTORELEASING = YES;
				CLANG_WARN_BOOL_CONVERSION = YES;
				CLANG_WARN_COMMA = YES;
				CLANG_WARN_CONSTANT_CONVERSION = YES;
				CLANG_WARN_DEPRECATED_OBJC_IMPLEMENTATIONS = YES;
				CLANG_WARN_DIRECT_OBJC_ISA_USAGE = YES_ERROR;
				CLANG_WARN_DOCUMENTATION_COMMENTS = YES;
				CLANG_WARN_EMPTY_BODY = YES;
				CLANG_WARN_ENUM_CONVERSION = YES;
				CLANG_WARN_INFINITE_RECURSION = YES;
				CLANG_WARN_INT_CONVERSION = YES;
				CLANG_WARN_NON_LITERAL_NULL_CONVERSION = YES;
				CLANG_WARN_OBJC_IMPLICIT_RETAIN_SELF = YES;
				CLANG_WARN_OBJC_LITERAL_CONVERSION = YES;
				CLANG_WARN_OBJC_ROOT_CLASS = YES_ERROR;
				CLANG_WARN_RANGE_LOOP_ANALYSIS = YES;
				CLANG_WARN_STRICT_PROTOTYPES = YES;
				CLANG_WARN_SUSPICIOUS_MOVE = YES;
				CLANG_WARN_UNGUARDED_AVAILABILITY = YES_AGGRESSIVE;
				CLANG_WARN_UNREACHABLE_CODE = YES;
				CLANG_WARN__DUPLICATE_METHOD_MATCH = YES;
				COPY_PHASE_STRIP = NO;
				DEBUG_INFORMATION_FORMAT = dwarf;
				ENABLE_STRICT_OBJC_MSGSEND = YES;
				ENABLE_TESTABILITY = YES;
				GCC_C_LANGUAGE_STANDARD = gnu11;
				GCC_DYNAMIC_NO_PIC = NO;
				GCC_NO_COMMON_BLOCKS = YES;
				GCC_OPTIMIZATION_LEVEL = 0;
				GCC_PREPROCESSOR_DEFINITIONS = (
					"DEBUG=1",
					"$(inherited)",
				);
				GCC_WARN_64_TO_32_BIT_CONVERSION = YES;
				GCC_WARN_ABOUT_RETURN_TYPE = YES_ERROR;
				GCC_WARN_UNDECLARED_SELECTOR = YES;
				GCC_WARN_UNINITIALIZED_AUTOS = YES_AGGRESSIVE;
				GCC_WARN_UNUSED_FUNCTION = YES;
				GCC_WARN_UNUSED_VARIABLE = YES;
				IBSC_NOTICES = NO;
				MACOSX_DEPLOYMENT_TARGET = 10.15;
				MTL_ENABLE_DEBUG_INFO = INCLUDE_SOURCE;
				MTL_FAST_MATH = YES;
				ONLY_ACTIVE_ARCH = YES;
				SDKROOT = macosx;
				SWIFT_ACTIVE_COMPILATION_CONDITIONS = DEBUG;
				SWIFT_OPTIMIZATION_LEVEL = "-Onone";
			};
			name = Debug;
		};
		6EC409E9214D65BD00BE4F17 /* Release */ = {
			isa = XCBuildConfiguration;
			buildSettings = {
				ALWAYS_SEARCH_USER_PATHS = NO;
				CLANG_ANALYZER_NONNULL = YES;
				CLANG_ANALYZER_NUMBER_OBJECT_CONVERSION = YES_AGGRESSIVE;
				CLANG_CXX_LANGUAGE_STANDARD = "gnu++14";
				CLANG_CXX_LIBRARY = "libc++";
				CLANG_ENABLE_MODULES = YES;
				CLANG_ENABLE_OBJC_ARC = YES;
				CLANG_ENABLE_OBJC_WEAK = YES;
				CLANG_WARN_BLOCK_CAPTURE_AUTORELEASING = YES;
				CLANG_WARN_BOOL_CONVERSION = YES;
				CLANG_WARN_COMMA = YES;
				CLANG_WARN_CONSTANT_CONVERSION = YES;
				CLANG_WARN_DEPRECATED_OBJC_IMPLEMENTATIONS = YES;
				CLANG_WARN_DIRECT_OBJC_ISA_USAGE = YES_ERROR;
				CLANG_WARN_DOCUMENTATION_COMMENTS = YES;
				CLANG_WARN_EMPTY_BODY = YES;
				CLANG_WARN_ENUM_CONVERSION = YES;
				CLANG_WARN_INFINITE_RECURSION = YES;
				CLANG_WARN_INT_CONVERSION = YES;
				CLANG_WARN_NON_LITERAL_NULL_CONVERSION = YES;
				CLANG_WARN_OBJC_IMPLICIT_RETAIN_SELF = YES;
				CLANG_WARN_OBJC_LITERAL_CONVERSION = YES;
				CLANG_WARN_OBJC_ROOT_CLASS = YES_ERROR;
				CLANG_WARN_RANGE_LOOP_ANALYSIS = YES;
				CLANG_WARN_STRICT_PROTOTYPES = YES;
				CLANG_WARN_SUSPICIOUS_MOVE = YES;
				CLANG_WARN_UNGUARDED_AVAILABILITY = YES_AGGRESSIVE;
				CLANG_WARN_UNREACHABLE_CODE = YES;
				CLANG_WARN__DUPLICATE_METHOD_MATCH = YES;
				COPY_PHASE_STRIP = NO;
				DEBUG_INFORMATION_FORMAT = "dwarf-with-dsym";
				ENABLE_NS_ASSERTIONS = NO;
				ENABLE_STRICT_OBJC_MSGSEND = YES;
				GCC_C_LANGUAGE_STANDARD = gnu11;
				GCC_NO_COMMON_BLOCKS = YES;
				GCC_WARN_64_TO_32_BIT_CONVERSION = YES;
				GCC_WARN_ABOUT_RETURN_TYPE = YES_ERROR;
				GCC_WARN_UNDECLARED_SELECTOR = YES;
				GCC_WARN_UNINITIALIZED_AUTOS = YES_AGGRESSIVE;
				GCC_WARN_UNUSED_FUNCTION = YES;
				GCC_WARN_UNUSED_VARIABLE = YES;
				IBSC_NOTICES = NO;
				MACOSX_DEPLOYMENT_TARGET = 10.15;
				MTL_ENABLE_DEBUG_INFO = NO;
				MTL_FAST_MATH = YES;
				SDKROOT = macosx;
				SWIFT_COMPILATION_MODE = wholemodule;
				SWIFT_OPTIMIZATION_LEVEL = "-O";
			};
			name = Release;
		};
		6EC409EB214D65BD00BE4F17 /* Debug */ = {
			isa = XCBuildConfiguration;
			buildSettings = {
				ASSETCATALOG_COMPILER_APPICON_NAME = AppIcon;
				CODE_SIGN_ENTITLEMENTS = "Resources/PPPC Utility.entitlements";
				CODE_SIGN_IDENTITY = "Apple Development";
				CODE_SIGN_STYLE = Automatic;
				COMBINE_HIDPI_IMAGES = YES;
				DEVELOPMENT_TEAM = XPLDEEDNHE;
				ENABLE_HARDENED_RUNTIME = NO;
				INFOPLIST_FILE = Resources/Info.plist;
				LD_RUNPATH_SEARCH_PATHS = (
					"$(inherited)",
					"@executable_path/../Frameworks",
				);
				MARKETING_VERSION = "1.4.0";
				PRODUCT_BUNDLE_IDENTIFIER = com.jamf.opensource.pppcutility;
				PRODUCT_NAME = "$(TARGET_NAME)";
				PROVISIONING_PROFILE_SPECIFIER = "";
				SWIFT_VERSION = 5.0;
			};
			name = Debug;
		};
		6EC409EC214D65BD00BE4F17 /* Release */ = {
			isa = XCBuildConfiguration;
			buildSettings = {
				ASSETCATALOG_COMPILER_APPICON_NAME = AppIcon;
				CODE_SIGN_ENTITLEMENTS = "Resources/PPPC Utility.entitlements";
				CODE_SIGN_IDENTITY = "Apple Development";
				CODE_SIGN_STYLE = Automatic;
				COMBINE_HIDPI_IMAGES = YES;
				DEVELOPMENT_TEAM = XPLDEEDNHE;
				ENABLE_HARDENED_RUNTIME = YES;
				INFOPLIST_FILE = Resources/Info.plist;
				LD_RUNPATH_SEARCH_PATHS = (
					"$(inherited)",
					"@executable_path/../Frameworks",
				);
				MARKETING_VERSION = "1.4.0";
				PRODUCT_BUNDLE_IDENTIFIER = com.jamf.opensource.pppcutility;
				PRODUCT_NAME = "$(TARGET_NAME)";
				PROVISIONING_PROFILE_SPECIFIER = "";
				SWIFT_VERSION = 5.0;
			};
			name = Release;
		};
/* End XCBuildConfiguration section */

/* Begin XCConfigurationList section */
		5F95AE222315A6AD002E0A22 /* Build configuration list for PBXNativeTarget "PPPC UtilityTests" */ = {
			isa = XCConfigurationList;
			buildConfigurations = (
				5F95AE232315A6AD002E0A22 /* Debug */,
				5F95AE242315A6AD002E0A22 /* Release */,
			);
			defaultConfigurationIsVisible = 0;
			defaultConfigurationName = Release;
		};
		6EC409D5214D65BC00BE4F17 /* Build configuration list for PBXProject "PPPC Utility" */ = {
			isa = XCConfigurationList;
			buildConfigurations = (
				6EC409E8214D65BD00BE4F17 /* Debug */,
				6EC409E9214D65BD00BE4F17 /* Release */,
			);
			defaultConfigurationIsVisible = 0;
			defaultConfigurationName = Release;
		};
		6EC409EA214D65BD00BE4F17 /* Build configuration list for PBXNativeTarget "PPPC Utility" */ = {
			isa = XCConfigurationList;
			buildConfigurations = (
				6EC409EB214D65BD00BE4F17 /* Debug */,
				6EC409EC214D65BD00BE4F17 /* Release */,
			);
			defaultConfigurationIsVisible = 0;
			defaultConfigurationName = Release;
		};
/* End XCConfigurationList section */
	};
	rootObject = 6EC409D2214D65BC00BE4F17 /* Project object */;
}
